apiVersion: vendir.k14s.io/v1alpha1
directories:
- contents:
  - git:
      commitTitle: Create final release
      sha: 359b4774261a929c7911e5619ac41e90c71c5bcd
    path: log-cache
  - git:
      commitTitle: update fluent to 0.8.0
      sha: 7e943d3c0273c2f807812409caa9d3b705f7da8c
    path: cf-k8s-logging-fluent
  path: vendor
kind: LockConfig
