apiVersion: vendir.k14s.io/v1alpha1
directories:
- contents:
  - git:
      commitTitle: Bump modules
      sha: 60d4baaf8de8a31c213306adfce44e3f4ea98e29
    path: log-cache
  - git:
      commitTitle: update fluent to 0.8.0
      sha: 7e943d3c0273c2f807812409caa9d3b705f7da8c
    path: cf-k8s-logging-fluent
  path: vendor
kind: LockConfig
